
Microsoft Visual Studio Solution File, Format Version 12.00
# Visual Studio Version 17
VisualStudioVersion = 17.2.32526.322
MinimumVisualStudioVersion = 10.0.40219.1
Project("{FAE04EC0-301F-11D3-BF4B-00C04F79EFBC}") = "MarkdownReader", "MarkdownReader\MarkdownReader.csproj", "{B0EA9E55-499B-4C00-AA13-84898C347827}"
EndProject
Global
	GlobalSection(SolutionConfigurationPlatforms) = preSolution
		Debug|Any CPU = Debug|Any CPU
		Release|Any CPU = Release|Any CPU
	EndGlobalSection
	GlobalSection(ProjectConfigurationPlatforms) = postSolution
		{B0EA9E55-499B-4C00-AA13-84898C347827}.Debug|Any CPU.ActiveCfg = Debug|Any CPU
		{B0EA9E55-499B-4C00-AA13-84898C347827}.Debug|Any CPU.Build.0 = Debug|Any CPU
		{B0EA9E55-499B-4C00-AA13-84898C347827}.Release|Any CPU.ActiveCfg = Release|Any CPU
		{B0EA9E55-499B-4C00-AA13-84898C347827}.Release|Any CPU.Build.0 = Release|Any CPU
	EndGlobalSection
	GlobalSection(SolutionProperties) = preSolution
		HideSolutionNode = FALSE
	EndGlobalSection
	GlobalSection(ExtensibilityGlobals) = postSolution
		SolutionGuid = {69AA5F9D-896A-4A7F-8496-454A044E54CA}
	EndGlobalSection
EndGlobal
